
Microsoft Visual Studio Solution File, Format Version 12.00
# Visual Studio Version 17
VisualStudioVersion = 17.5.002.0
MinimumVisualStudioVersion = 10.0.40219.1
Project("{9A19103F-16F7-4668-BE54-9A1E7A4F7556}") = "KAHA.TravelBot.NETCoreReactApp", "KAHA.TravelBot.NETCoreReactApp.csproj", "{720F988C-C55E-43CE-A4D9-3543C61C7BC4}"
EndProject
Global
	GlobalSection(SolutionConfigurationPlatforms) = preSolution
		Debug|Any CPU = Debug|Any CPU
		Release|Any CPU = Release|Any CPU
	EndGlobalSection
	GlobalSection(ProjectConfigurationPlatforms) = postSolution
		{720F988C-C55E-43CE-A4D9-3543C61C7BC4}.Debug|Any CPU.ActiveCfg = Debug|Any CPU
		{720F988C-C55E-43CE-A4D9-3543C61C7BC4}.Debug|Any CPU.Build.0 = Debug|Any CPU
		{720F988C-C55E-43CE-A4D9-3543C61C7BC4}.Release|Any CPU.ActiveCfg = Release|Any CPU
		{720F988C-C55E-43CE-A4D9-3543C61C7BC4}.Release|Any CPU.Build.0 = Release|Any CPU
	EndGlobalSection
	GlobalSection(SolutionProperties) = preSolution
		HideSolutionNode = FALSE
	EndGlobalSection
	GlobalSection(ExtensibilityGlobals) = postSolution
		SolutionGuid = {F975A2B7-A6E2-4C5B-9C4E-A6CF6798AF63}
	EndGlobalSection
EndGlobal
